# THIS IS AN AUTOGENERATED FILE. DO NOT EDIT THIS FILE DIRECTLY.
# yarn lockfile v1


"@babel/runtime@^7.5.5", "@babel/runtime@^7.8.7":
  version "7.25.0"
  resolved "https://registry.npmjs.org/@babel/runtime/-/runtime-7.25.0.tgz"
  integrity sha512-7dRy4DwXwtzBrPbZflqxnvfxLF8kdZXPkhymtDeFoFqE6ldzjQFgYTtYIFARcLEYDrqfBfYcZt1WqFxRoyC9Rw==
  dependencies:
    regenerator-runtime "^0.14.0"

"@formatjs/ecma402-abstract@2.2.0":
  version "2.2.0"
  resolved "https://registry.npmjs.org/@formatjs/ecma402-abstract/-/ecma402-abstract-2.2.0.tgz"
  integrity sha512-IpM+ev1E4QLtstniOE29W1rqH9eTdx5hQdNL8pzrflMj/gogfaoONZqL83LUeQScHAvyMbpqP5C9MzNf+fFwhQ==
  dependencies:
    "@formatjs/fast-memoize" "2.2.1"
    "@formatjs/intl-localematcher" "0.5.5"
    tslib "^2.7.0"

"@formatjs/fast-memoize@^2.2.0", "@formatjs/fast-memoize@2.2.1":
  version "2.2.1"
  resolved "https://registry.npmjs.org/@formatjs/fast-memoize/-/fast-memoize-2.2.1.tgz"
  integrity sha512-XS2RcOSyWxmUB7BUjj3mlPH0exsUzlf6QfhhijgI941WaJhVxXQ6mEWkdUFIdnKi3TuTYxRdelsgv3mjieIGIA==
  dependencies:
    tslib "^2.7.0"

"@formatjs/icu-messageformat-parser@2.7.10":
  version "2.7.10"
  resolved "https://registry.npmjs.org/@formatjs/icu-messageformat-parser/-/icu-messageformat-parser-2.7.10.tgz"
  integrity sha512-wlQfqCZ7PURkUNL2+8VTEFavPovtADU/isSKLFvDbdFmV7QPZIYqFMkhklaDYgMyLSBJa/h2MVQ2aFvoEJhxgg==
  dependencies:
    "@formatjs/ecma402-abstract" "2.2.0"
    "@formatjs/icu-skeleton-parser" "1.8.4"
    tslib "^2.7.0"

"@formatjs/icu-skeleton-parser@1.8.4":
  version "1.8.4"
  resolved "https://registry.npmjs.org/@formatjs/icu-skeleton-parser/-/icu-skeleton-parser-1.8.4.tgz"
  integrity sha512-LMQ1+Wk1QSzU4zpd5aSu7+w5oeYhupRwZnMQckLPRYhSjf2/8JWQ882BauY9NyHxs5igpuQIXZDgfkaH3PoATg==
  dependencies:
    "@formatjs/ecma402-abstract" "2.2.0"
    tslib "^2.7.0"

"@formatjs/intl-localematcher@^0.5.4", "@formatjs/intl-localematcher@0.5.5":
  version "0.5.5"
  resolved "https://registry.npmjs.org/@formatjs/intl-localematcher/-/intl-localematcher-0.5.5.tgz"
  integrity sha512-t5tOGMgZ/i5+ALl2/offNqAQq/lfUnKLEw0mXQI4N4bqpedhrSE+fyKLpwnd22sK0dif6AV+ufQcTsKShB9J1g==
  dependencies:
    tslib "^2.7.0"

"@img/sharp-darwin-x64@0.33.5":
  version "0.33.5"
  resolved "https://registry.npmjs.org/@img/sharp-darwin-x64/-/sharp-darwin-x64-0.33.5.tgz"
  integrity sha512-fyHac4jIc1ANYGRDxtiqelIbdWkIuQaI84Mv45KvGRRxSAa7o7d1ZKAOBaYbnepLC1WqxfpimdeWfvqqSGwR2Q==
  optionalDependencies:
    "@img/sharp-libvips-darwin-x64" "1.0.4"

"@img/sharp-libvips-darwin-x64@1.0.4":
  version "1.0.4"
  resolved "https://registry.npmjs.org/@img/sharp-libvips-darwin-x64/-/sharp-libvips-darwin-x64-1.0.4.tgz"
  integrity sha512-xnGR8YuZYfJGmWPvmlunFaWJsb9T/AO2ykoP3Fz/0X5XV2aoYBPkX6xqCQvUTKKiLddarLaxpzNe+b1hjeWHAQ==

"@next/env@14.2.14":
  version "14.2.14"
  resolved "https://registry.npmjs.org/@next/env/-/env-14.2.14.tgz"
  integrity sha512-/0hWQfiaD5//LvGNgc8PjvyqV50vGK0cADYzaoOOGN8fxzBn3iAiaq3S0tCRnFBldq0LVveLcxCTi41ZoYgAgg==

"@next/swc-darwin-x64@14.2.14":
  version "14.2.14"
  resolved "https://registry.npmjs.org/@next/swc-darwin-x64/-/swc-darwin-x64-14.2.14.tgz"
  integrity sha512-cC9/I+0+SK5L1k9J8CInahduTVWGMXhQoXFeNvF0uNs3Bt1Ub0Azb8JzTU9vNCr0hnaMqiWu/Z0S1hfKc3+dww==

"@popperjs/core@^2.11.8", "@popperjs/core@^2.9.0":
  version "2.11.8"
  resolved "https://registry.npmjs.org/@popperjs/core/-/core-2.11.8.tgz"
  integrity sha512-P1st0aksCrn9sGZhp8GMYwBnQsbvAWsZAX44oXNNvLHGqAOcoVxmjZiohstwQ7SqKnbR47akdNi+uleWD8+g6A==

"@swc/counter@^0.1.3":
  version "0.1.3"
  resolved "https://registry.npmjs.org/@swc/counter/-/counter-0.1.3.tgz"
  integrity sha512-e2BR4lsJkkRlKZ/qCHPw9ZaSxc0MVUd7gtbtaB7aMvHeJVYe8sOB8DBZkP2DtISHGSku9sCK6T6cnY0CtXrOCQ==

"@swc/helpers@0.5.5":
  version "0.5.5"
  resolved "https://registry.npmjs.org/@swc/helpers/-/helpers-0.5.5.tgz"
  integrity sha512-KGYxvIOXcceOAbEk4bi/dVLEK9z8sZ0uBB3Il5b1rhfClSpcX0yfRO0KmTkqR2cnQDymwLB+25ZyMzICg/cm/A==
  dependencies:
    "@swc/counter" "^0.1.3"
    tslib "^2.4.0"

"@types/node@22.7.7":
  version "22.7.7"
  resolved "https://registry.npmjs.org/@types/node/-/node-22.7.7.tgz"
  integrity sha512-SRxCrrg9CL/y54aiMCG3edPKdprgMVGDXjA3gB8UmmBW5TcXzRUYAh8EWzTnSJFAd1rgImPELza+A3bJ+qxz8Q==
  dependencies:
    undici-types "~6.19.2"

"@types/prop-types@*":
  version "15.7.13"
  resolved "https://registry.npmjs.org/@types/prop-types/-/prop-types-15.7.13.tgz"
  integrity sha512-hCZTSvwbzWGvhqxp/RqVqwU999pBf2vp7hzIjiYOsl8wqOmUxkQ6ddw1cV3l8811+kdUFus/q4d1Y3E3SyEifA==

"@types/react@18.3.11":
  version "18.3.11"
  resolved "https://registry.npmjs.org/@types/react/-/react-18.3.11.tgz"
  integrity sha512-r6QZ069rFTjrEYgFdOck1gK7FLVsgJE7tTz0pQBczlBNUhBNk0MQH4UbnFSwjpQLMkLzgqvBBa+qGpLje16eTQ==
  dependencies:
    "@types/prop-types" "*"
    csstype "^3.0.2"

animate.css@latest:
  version "4.1.1"
  resolved "https://registry.npmjs.org/animate.css/-/animate.css-4.1.1.tgz"
  integrity sha512-+mRmCTv6SbCmtYJCN4faJMNFVNN5EuCTTprDTAo7YzIGji2KADmakjVA3+8mVDkZ2Bf09vayB35lSQIex2+QaQ==

bootstrap@^5.1.3:
  version "5.3.3"
  resolved "https://registry.npmjs.org/bootstrap/-/bootstrap-5.3.3.tgz"
  integrity sha512-8HLCdWgyoMguSO9o+aH+iuZ+aht+mzW0u3HIMzVu7Srrpv7EBBxTnrFlSCskwdY1+EOFQSm7uMJhNQHkdPcmjg==

busboy@1.6.0:
  version "1.6.0"
  resolved "https://registry.npmjs.org/busboy/-/busboy-1.6.0.tgz"
  integrity sha512-8SFQbg/0hQ9xy3UNTB0YEnsNBbWfhf7RtnzpL7TkBiTBRfrQ9Fxcnz7VJsleJpyp6rVLvXiuORqjlHi5q+PYuA==
  dependencies:
    streamsearch "^1.1.0"

caniuse-lite@^1.0.30001579:
  version "1.0.30001651"
  resolved "https://registry.npmjs.org/caniuse-lite/-/caniuse-lite-1.0.30001651.tgz"
  integrity sha512-9Cf+Xv1jJNe1xPZLGuUXLNkE1BoDkqRqYyFJ9TDYSqhduqA4hu4oR9HluGoWYQC/aj8WHjsGVV+bwkh0+tegRg==

client-only@0.0.1:
  version "0.0.1"
  resolved "https://registry.npmjs.org/client-only/-/client-only-0.0.1.tgz"
  integrity sha512-IV3Ou0jSMzZrd3pZ48nLkT9DA7Ag1pnPzaiQhpW7c3RbcqqzvzzVu+L8gfqMp/8IM2MQtSiqaCxrrcfu8I8rMA==

color-convert@^2.0.1:
  version "2.0.1"
  resolved "https://registry.npmjs.org/color-convert/-/color-convert-2.0.1.tgz"
  integrity sha512-RRECPsj7iu/xb5oKYcsFHSppFNnsj/52OVTRKb4zP5onXwVF3zVmmToNcOfGC+CRDpfK/U584fMg38ZHCaElKQ==
  dependencies:
    color-name "~1.1.4"

color-name@^1.0.0, color-name@~1.1.4:
  version "1.1.4"
  resolved "https://registry.npmjs.org/color-name/-/color-name-1.1.4.tgz"
  integrity sha512-dOy+3AuW3a2wNbZHIuMZpTcgjGuLU/uBL/ubcZF9OXbDo8ff4O8yVp5Bf0efS8uEoYo5q4Fx7dY9OgQGXgAsQA==

color-string@^1.9.0:
  version "1.9.1"
  resolved "https://registry.npmjs.org/color-string/-/color-string-1.9.1.tgz"
  integrity sha512-shrVawQFojnZv6xM40anx4CkoDP+fZsw/ZerEMsW/pyzsRbElpsL/DBVW7q3ExxwusdNXI3lXpuhEZkzs8p5Eg==
  dependencies:
    color-name "^1.0.0"
    simple-swizzle "^0.2.2"

color@^4.2.3:
  version "4.2.3"
  resolved "https://registry.npmjs.org/color/-/color-4.2.3.tgz"
  integrity sha512-1rXeuUUiGGrykh+CeBdu5Ie7OJwinCgQY0bc7GCRxy5xVHy+moaqkpL/jqQq0MtQOeYcrqEz4abc5f0KtU7W4A==
  dependencies:
    color-convert "^2.0.1"
    color-string "^1.9.0"

core-js@^3.27.2:
  version "3.38.0"
  resolved "https://registry.npmjs.org/core-js/-/core-js-3.38.0.tgz"
  integrity sha512-XPpwqEodRljce9KswjZShh95qJ1URisBeKCjUdq27YdenkslVe7OO0ZJhlYXAChW7OhXaRLl8AAba7IBfoIHug==

csstype@^3.0.2:
  version "3.1.3"
  resolved "https://registry.npmjs.org/csstype/-/csstype-3.1.3.tgz"
  integrity sha512-M1uQkMl8rQK/szD0LNhtqxIPLpimGm8sOBwU7lLnCpSbTyY3yeU1Vc7l4KT5zT4s/yOxHH5O7tIuuLOCnLADRw==

desandro-matches-selector@^2.0.0:
  version "2.0.2"
  resolved "https://registry.npmjs.org/desandro-matches-selector/-/desandro-matches-selector-2.0.2.tgz"
  integrity sha512-+1q0nXhdzg1IpIJdMKalUwvvskeKnYyEe3shPRwedNcWtnhEKT3ZxvFjzywHDeGcKViIxTCAoOYQWP1qD7VNyg==

detect-libc@^2.0.3:
  version "2.0.3"
  resolved "https://registry.npmjs.org/detect-libc/-/detect-libc-2.0.3.tgz"
  integrity sha512-bwy0MGW55bG41VqxxypOsdSdGqLwXPI/focwgTYCFMbdUiBAxLg9CFzG08sz2aqzknwiX7Hkl0bQENjg8iLByw==

dom-helpers@^5.0.1:
  version "5.2.1"
  resolved "https://registry.npmjs.org/dom-helpers/-/dom-helpers-5.2.1.tgz"
  integrity sha512-nRCa7CK3VTrM2NmGkIy4cbK7IZlgBE/PYMn55rrXefr5xXDP0LdtfPnblFDoVdcAfslJ7or6iqAUnx0CCGIWQA==
  dependencies:
    "@babel/runtime" "^7.8.7"
    csstype "^3.0.2"

ev-emitter@^1.0.0:
  version "1.1.1"
  resolved "https://registry.npmjs.org/ev-emitter/-/ev-emitter-1.1.1.tgz"
  integrity sha512-ipiDYhdQSCZ4hSbX4rMW+XzNKMD1prg/sTvoVmSLkuQ1MVlwjJQQA+sW8tMYR3BLUr9KjodFV4pvzunvRhd33Q==

ev-emitter@^2.1.2:
  version "2.1.2"
  resolved "https://registry.npmjs.org/ev-emitter/-/ev-emitter-2.1.2.tgz"
  integrity sha512-jQ5Ql18hdCQ4qS+RCrbLfz1n+Pags27q5TwMKvZyhp5hh2UULUYZUy1keqj6k6SYsdqIYjnmz7xyyEY0V67B8Q==

fizzy-ui-utils@^2.0.0, fizzy-ui-utils@^2.0.4:
  version "2.0.7"
  resolved "https://registry.npmjs.org/fizzy-ui-utils/-/fizzy-ui-utils-2.0.7.tgz"
  integrity sha512-CZXDVXQ1If3/r8s0T+v+qVeMshhfcuq0rqIFgJnrtd+Bu8GmDmqMjntjUePypVtjHXKJ6V4sw9zeyox34n9aCg==
  dependencies:
    desandro-matches-selector "^2.0.0"

get-size@^2.0.0, get-size@^2.0.2:
  version "2.0.3"
  resolved "https://registry.npmjs.org/get-size/-/get-size-2.0.3.tgz"
  integrity sha512-lXNzT/h/dTjTxRbm9BXb+SGxxzkm97h/PCIKtlN/CBCxxmkkIVV21udumMS93MuVTDX583gqc94v3RjuHmI+2Q==

graceful-fs@^4.2.11:
  version "4.2.11"
  resolved "https://registry.npmjs.org/graceful-fs/-/graceful-fs-4.2.11.tgz"
  integrity sha512-RbJ5/jmFcNNCcDV5o9eTnBLJ/HszWV0P73bc+Ff4nS/rJj+YaS6IGyiOL0VoBYX+l1Wrl3k63h/KrH+nhJ0XvQ==

imagesloaded@^5.0.0:
  version "5.0.0"
  resolved "https://registry.npmjs.org/imagesloaded/-/imagesloaded-5.0.0.tgz"
  integrity sha512-/0JGSubc1MTCoDKVmonLHgbifBWHdyLkun+R/151E1c5n79hiSxcd7cB7mPXFgojYu8xnRZv7GYxzKoxW8BetQ==
  dependencies:
    ev-emitter "^2.1.2"

intl-messageformat@^10.5.14:
  version "10.7.0"
  resolved "https://registry.npmjs.org/intl-messageformat/-/intl-messageformat-10.7.0.tgz"
  integrity sha512-2P06M9jFTqJnEQzE072VGPjbAx6ZG1YysgopAwc8ui0ajSjtwX1MeQ6bXFXIzKcNENJTizKkcJIcZ0zlpl1zSg==
  dependencies:
    "@formatjs/ecma402-abstract" "2.2.0"
    "@formatjs/fast-memoize" "2.2.1"
    "@formatjs/icu-messageformat-parser" "2.7.10"
    tslib "^2.7.0"

is-arrayish@^0.3.1:
  version "0.3.2"
  resolved "https://registry.npmjs.org/is-arrayish/-/is-arrayish-0.3.2.tgz"
  integrity sha512-eVRqCvVlZbuw3GrM63ovNSNAeA1K16kaR/LRY/92w0zxQ5/1YzwblUX652i4Xs9RwAGjW9d9y6X88t8OaAJfWQ==

isotope-layout@^3.0.6:
  version "3.0.6"
  resolved "https://registry.npmjs.org/isotope-layout/-/isotope-layout-3.0.6.tgz"
  integrity sha512-z2ZKablhocXhoNyWwzJPFd7u7FWbYbVJA51Nvsqsod8jH2ExGc1SwDsSWKE54e3PhXzqf2yZPhFSq/c2MR1arw==
  dependencies:
    desandro-matches-selector "^2.0.0"
    fizzy-ui-utils "^2.0.4"
    get-size "^2.0.0"
    masonry-layout "^4.1.0"
    outlayer "^2.1.0"

jarallax@^2.2.1:
  version "2.2.1"
  resolved "https://registry.npmjs.org/jarallax/-/jarallax-2.2.1.tgz"
  integrity sha512-O4pqiWGp856cTGG5uBG9b0Uk7AIRmfFCVisRwgpICsG2xyIRnUrVbx4SIbpzUDAhkD00jdjBiqb1bZPTkHi1vQ==
  dependencies:
    video-worker "^2.2.0"

"js-tokens@^3.0.0 || ^4.0.0":
  version "4.0.0"
  resolved "https://registry.npmjs.org/js-tokens/-/js-tokens-4.0.0.tgz"
  integrity sha512-RdJUflcE3cUzKiMqQgsCu06FPu9UdIJO0beYbPhHN4k6apgJtifcoCtT9bcxOpYBtpD2kCM6Sbzg4CausW/PKQ==

loose-envify@^1.1.0, loose-envify@^1.4.0:
  version "1.4.0"
  resolved "https://registry.npmjs.org/loose-envify/-/loose-envify-1.4.0.tgz"
  integrity sha512-lyuxPGr/Wfhrlem2CL/UcnUc1zcqKAImBDzukY7Y5F/yQiNdko6+fRLevlw1HgMySw7f611UIY408EtxRSoK3Q==
  dependencies:
    js-tokens "^3.0.0 || ^4.0.0"

masonry-layout@^4.1.0:
  version "4.2.2"
  resolved "https://registry.npmjs.org/masonry-layout/-/masonry-layout-4.2.2.tgz"
  integrity sha512-iGtAlrpHNyxaR19CvKC3npnEcAwszXoyJiI8ARV2ePi7fmYhIud25MHK8Zx4P0LCC4d3TNO9+rFa1KoK1OEOaA==
  dependencies:
    get-size "^2.0.2"
    outlayer "^2.1.0"

nanoid@^3.3.6:
  version "3.3.7"
  resolved "https://registry.npmjs.org/nanoid/-/nanoid-3.3.7.tgz"
  integrity sha512-eSRppjcPIatRIMC1U6UngP8XFcz8MQWGQdt1MTBQ7NaAmvXDfvNxbvWV3x2y6CdEUciCSsDHDQZbhYaB8QEo2g==

negotiator@^0.6.3:
  version "0.6.4"
  resolved "https://registry.npmjs.org/negotiator/-/negotiator-0.6.4.tgz"
  integrity sha512-myRT3DiWPHqho5PrJaIRyaMv2kgYf0mUVgBNOYMuCH5Ki1yEiQaf/ZJuQ62nvpc44wL5WDbTX7yGJi1Neevw8w==

next-intl@^3.21.1:
  version "3.21.1"
  resolved "https://registry.npmjs.org/next-intl/-/next-intl-3.21.1.tgz"
  integrity sha512-hQm4Wgq5i1lfOHAWmXBVl5d2/XAeddcjsrUmjotXEESzPSvW5j2t0Pr8AV8WorTILgqU748aXuenBhz5P78tdw==
  dependencies:
    "@formatjs/intl-localematcher" "^0.5.4"
    negotiator "^0.6.3"
    use-intl "^3.21.1"

"next@^10.0.0 || ^11.0.0 || ^12.0.0 || ^13.0.0 || ^14.0.0", next@14.2.14:
  version "14.2.14"
  resolved "https://registry.npmjs.org/next/-/next-14.2.14.tgz"
  integrity sha512-Q1coZG17MW0Ly5x76shJ4dkC23woLAhhnDnw+DfTc7EpZSGuWrlsZ3bZaO8t6u1Yu8FVfhkqJE+U8GC7E0GLPQ==
  dependencies:
    "@next/env" "14.2.14"
    "@swc/helpers" "0.5.5"
    busboy "1.6.0"
    caniuse-lite "^1.0.30001579"
    graceful-fs "^4.2.11"
    postcss "8.4.31"
    styled-jsx "5.1.1"
  optionalDependencies:
    "@next/swc-darwin-arm64" "14.2.14"
    "@next/swc-darwin-x64" "14.2.14"
    "@next/swc-linux-arm64-gnu" "14.2.14"
    "@next/swc-linux-arm64-musl" "14.2.14"
    "@next/swc-linux-x64-gnu" "14.2.14"
    "@next/swc-linux-x64-musl" "14.2.14"
    "@next/swc-win32-arm64-msvc" "14.2.14"
    "@next/swc-win32-ia32-msvc" "14.2.14"
    "@next/swc-win32-x64-msvc" "14.2.14"

object-assign@^4.1.1:
  version "4.1.1"
  resolved "https://registry.npmjs.org/object-assign/-/object-assign-4.1.1.tgz"
  integrity sha512-rJgTQnkUnH1sFw8yT6VSU3zD3sWmu6sZhIseY8VX+GRu3P6F7Fu+JNDoXfklElbLJSnc3FUQHVe4cU5hj+BcUg==

outlayer@^2.1.0:
  version "2.1.1"
  resolved "https://registry.npmjs.org/outlayer/-/outlayer-2.1.1.tgz"
  integrity sha512-+GplXsCQ3VrbGujAeHEzP9SXsBmJxzn/YdDSQZL0xqBmAWBmortu2Y9Gwdp9J0bgDQ8/YNIPMoBM13nTwZfAhw==
  dependencies:
    ev-emitter "^1.0.0"
    fizzy-ui-utils "^2.0.0"
    get-size "^2.0.2"

performance-now@^2.1.0:
  version "2.1.0"
  resolved "https://registry.npmjs.org/performance-now/-/performance-now-2.1.0.tgz"
  integrity sha512-7EAHlyLHI56VEIdK57uwHdHKIaAGbnXPiw0yWbarQZOKaKpvUIgW0jWRVLiatnM+XXlSwsanIBH/hzGMJulMow==

photoswipe@^5.4.4, "photoswipe@>= 5.2.2":
  version "5.4.4"
  resolved "https://registry.npmjs.org/photoswipe/-/photoswipe-5.4.4.tgz"
  integrity sha512-WNFHoKrkZNnvFFhbHL93WDkW3ifwVOXSW3w1UuZZelSmgXpIGiZSNlZJq37rR8YejqME2rHs9EhH9ZvlvFH2NA==

picocolors@^1.0.0:
  version "1.0.1"
  resolved "https://registry.npmjs.org/picocolors/-/picocolors-1.0.1.tgz"
  integrity sha512-anP1Z8qwhkbmu7MFP5iTt+wQKXgwzf7zTyGlcdzabySa9vd0Xt392U0rVmz9poOaBj0uHJKyyo9/upk0HrEQew==

postcss@8.4.31:
  version "8.4.31"
  resolved "https://registry.npmjs.org/postcss/-/postcss-8.4.31.tgz"
  integrity sha512-PS08Iboia9mts/2ygV3eLpY5ghnUcfLV/EXTOW1E2qYxJKGGBUtNjN76FYHnMs36RmARn41bC0AZmn+rR0OVpQ==
  dependencies:
    nanoid "^3.3.6"
    picocolors "^1.0.0"
    source-map-js "^1.0.2"

prop-types@^15.6.2, prop-types@^15.8.1, "prop-types@>= 15.7.0":
  version "15.8.1"
  resolved "https://registry.npmjs.org/prop-types/-/prop-types-15.8.1.tgz"
  integrity sha512-oj87CgZICdulUohogVAR7AjlC0327U4el4L6eAvOqCeudMDVU0NThNaV+b9Df4dXgSP1gXMTnPdhfe/2qDH5cg==
  dependencies:
    loose-envify "^1.4.0"
    object-assign "^4.1.1"
    react-is "^16.13.1"

raf@^3.4.1:
  version "3.4.1"
  resolved "https://registry.npmjs.org/raf/-/raf-3.4.1.tgz"
  integrity sha512-Sq4CW4QhwOHE8ucn6J34MqtZCeWFP2aQSmrlroYgqAV1PjStIhJXxYuTgUIfkEk7zTLjmIjLmU5q+fbD1NnOJA==
  dependencies:
    performance-now "^2.1.0"

"react-dom@^17.0.0 || ^18.2.0", "react-dom@^17.x || ^18.x", react-dom@^18, react-dom@^18.2.0, react-dom@>=16.6.0:
  version "18.3.1"
  resolved "https://registry.npmjs.org/react-dom/-/react-dom-18.3.1.tgz"
  integrity sha512-5m4nQKp+rZRb09LNH59GM4BxTh9251/ylbKIbpe7TpGxfJ+9kv6BLkLBXIjjspbgbnIBNqlI23tRnTWT0snUIw==
  dependencies:
    loose-envify "^1.1.0"
    scheduler "^0.23.2"

react-is@^16.13.1:
  version "16.13.1"
  resolved "https://registry.npmjs.org/react-is/-/react-is-16.13.1.tgz"
  integrity sha512-24e6ynE2H+OKt4kqsOvNd8kBpV65zoxbA4BVsEOB3ARVWQki/DHzaUoC5KuON/BiccDaCCTZBuOcfZs70kR8bQ==

react-modal-video@^2.0.2:
  version "2.0.2"
  resolved "https://registry.npmjs.org/react-modal-video/-/react-modal-video-2.0.2.tgz"
  integrity sha512-Cfo3rEsxU5BL+Et/nRK7l2ajW/TLZOKTMPgpD8FDlhIxRR3yqo3Xdo1ufNxONApN0XL6iXqmMkqyEKmGOmcEiw==
  dependencies:
    core-js "^3.27.2"
    react-transition-group "^4.4.2"

react-photoswipe-gallery@^3.0.1:
  version "3.0.2"
  resolved "https://registry.npmjs.org/react-photoswipe-gallery/-/react-photoswipe-gallery-3.0.2.tgz"
  integrity sha512-TLkpzp2BSUUL/4GPRU5SQWXfJ8xuUBKgS8qUaHyhsT1co6CStr1mVCl4oQrSSFbWxAKhB5fHbr12l1R+TkqFcQ==

react-transition-group@^4.4.2:
  version "4.4.5"
  resolved "https://registry.npmjs.org/react-transition-group/-/react-transition-group-4.4.5.tgz"
  integrity sha512-pZcd1MCJoiKiBR2NRxeCRg13uCXbydPnmB4EOeRrY7480qNWO8IIgQG6zlDkm6uRMsURXPuKq0GWtiM59a5Q6g==
  dependencies:
    "@babel/runtime" "^7.5.5"
    dom-helpers "^5.0.1"
    loose-envify "^1.4.0"
    prop-types "^15.6.2"

"react@^16.8.0 || ^17.0.0 || ^18.0.0", "react@^17.0.0 || ^18.2.0", "react@^17.x || ^18.x", react@^18, react@^18.2.0, react@^18.3.1, "react@>= 16.8.0", "react@>= 16.8.0 || 17.x.x || ^18.0.0-0", react@>=16.6.0:
  version "18.3.1"
  resolved "https://registry.npmjs.org/react/-/react-18.3.1.tgz"
  integrity sha512-wS+hAgJShR0KhEvPJArfuPVN1+Hz1t0Y6n5jLrGQbkb4urgPE/0Rve+1kMB1v/oWgHgm4WIcV+i7F2pTVj+2iQ==
  dependencies:
    loose-envify "^1.1.0"

regenerator-runtime@^0.14.0:
  version "0.14.1"
  resolved "https://registry.npmjs.org/regenerator-runtime/-/regenerator-runtime-0.14.1.tgz"
  integrity sha512-dYnhHh0nJoMfnkZs6GmmhFknAGRrLznOu5nc9ML+EJxGvrx6H7teuevqVqCuPcPK//3eDrrjQhehXVx9cnkGdw==

rellax@^1.12.1:
  version "1.12.1"
  resolved "https://registry.npmjs.org/rellax/-/rellax-1.12.1.tgz"
  integrity sha512-XBIi0CDpW5FLTujYjYBn1CIbK2CJL6TsAg/w409KghP2LucjjzBjsujXDAjyBLWgsfupfUcL5WzdnIPcGfK7XA==

scheduler@^0.23.2:
  version "0.23.2"
  resolved "https://registry.npmjs.org/scheduler/-/scheduler-0.23.2.tgz"
  integrity sha512-UOShsPwz7NrMUqhR6t0hWjFduvOzbtv7toDH1/hIrfRNIDBnnBWd0CwJTGvTpngVlmwGCdP9/Zl/tVrDqcuYzQ==
  dependencies:
    loose-envify "^1.1.0"

semver@^7.6.3:
  version "7.6.3"
  resolved "https://registry.npmjs.org/semver/-/semver-7.6.3.tgz"
  integrity sha512-oVekP1cKtI+CTDvHWYFUcMtsK/00wmAEfyqKfNdARm8u1wNVhSgaX7A8d4UuIlUI5e84iEwOhs7ZPYRmzU9U6A==

sharp@^0.33.5:
  version "0.33.5"
  resolved "https://registry.npmjs.org/sharp/-/sharp-0.33.5.tgz"
  integrity sha512-haPVm1EkS9pgvHrQ/F3Xy+hgcuMV0Wm9vfIBSiwZ05k+xgb0PkBQpGsAA/oWdDobNaZTH5ppvHtzCFbnSEwHVw==
  dependencies:
    color "^4.2.3"
    detect-libc "^2.0.3"
    semver "^7.6.3"
  optionalDependencies:
    "@img/sharp-darwin-arm64" "0.33.5"
    "@img/sharp-darwin-x64" "0.33.5"
    "@img/sharp-libvips-darwin-arm64" "1.0.4"
    "@img/sharp-libvips-darwin-x64" "1.0.4"
    "@img/sharp-libvips-linux-arm" "1.0.5"
    "@img/sharp-libvips-linux-arm64" "1.0.4"
    "@img/sharp-libvips-linux-s390x" "1.0.4"
    "@img/sharp-libvips-linux-x64" "1.0.4"
    "@img/sharp-libvips-linuxmusl-arm64" "1.0.4"
    "@img/sharp-libvips-linuxmusl-x64" "1.0.4"
    "@img/sharp-linux-arm" "0.33.5"
    "@img/sharp-linux-arm64" "0.33.5"
    "@img/sharp-linux-s390x" "0.33.5"
    "@img/sharp-linux-x64" "0.33.5"
    "@img/sharp-linuxmusl-arm64" "0.33.5"
    "@img/sharp-linuxmusl-x64" "0.33.5"
    "@img/sharp-wasm32" "0.33.5"
    "@img/sharp-win32-ia32" "0.33.5"
    "@img/sharp-win32-x64" "0.33.5"

simple-swizzle@^0.2.2:
  version "0.2.2"
  resolved "https://registry.npmjs.org/simple-swizzle/-/simple-swizzle-0.2.2.tgz"
  integrity sha512-JA//kQgZtbuY83m+xT+tXJkmJncGMTFT+C+g2h2R9uxkYIrE2yy9sgmcLhCnw57/WSD+Eh3J97FPEDFnbXnDUg==
  dependencies:
    is-arrayish "^0.3.1"

source-map-js@^1.0.2:
  version "1.2.0"
  resolved "https://registry.npmjs.org/source-map-js/-/source-map-js-1.2.0.tgz"
  integrity sha512-itJW8lvSA0TXEphiRoawsCksnlf8SyvmFzIhltqAHluXd88pkCd+cXJVHTDwdCr0IzwptSm035IHQktUu1QUMg==

streamsearch@^1.1.0:
  version "1.1.0"
  resolved "https://registry.npmjs.org/streamsearch/-/streamsearch-1.1.0.tgz"
  integrity sha512-Mcc5wHehp9aXz1ax6bZUyY5afg9u2rv5cqQI3mRrYkGC8rW2hM02jWuwjtL++LS5qinSyhj2QfLyNsuc+VsExg==

styled-jsx@5.1.1:
  version "5.1.1"
  resolved "https://registry.npmjs.org/styled-jsx/-/styled-jsx-5.1.1.tgz"
  integrity sha512-pW7uC1l4mBZ8ugbiZrcIsiIvVx1UmTfw7UkC3Um2tmfUq9Bhk8IiyEIPl6F8agHgjzku6j0xQEZbfA5uSgSaCw==
  dependencies:
    client-only "0.0.1"

swiper@^11.1.4:
  version "11.1.9"
  resolved "https://registry.npmjs.org/swiper/-/swiper-11.1.9.tgz"
  integrity sha512-rflu8zvfGa3x1v/aeSufk4zRJffhOQowyvtJlp46sUBnOqAuk1Rdv5Ldj0AWWBV595iZ+ZMk7VB35ZRtRUomtA==

tippy.js@^6.3.7:
  version "6.3.7"
  resolved "https://registry.npmjs.org/tippy.js/-/tippy.js-6.3.7.tgz"
  integrity sha512-E1d3oP2emgJ9dRQZdf3Kkn0qJgI6ZLpyS5z6ZkY1DF3kaQaBsGZsndEpHwx+eC+tYM41HaSNvNtLx8tU57FzTQ==
  dependencies:
    "@popperjs/core" "^2.9.0"

tslib@^2.4.0, tslib@^2.7.0:
  version "2.8.0"
  resolved "https://registry.npmjs.org/tslib/-/tslib-2.8.0.tgz"
  integrity sha512-jWVzBLplnCmoaTr13V9dYbiQ99wvZRd0vNWaDRg+aVYRcjDF3nDksxFDE/+fkXnKhpnUUkmx5pK/v8mCtLVqZA==

typescript@5.6.3:
  version "5.6.3"
  resolved "https://registry.npmjs.org/typescript/-/typescript-5.6.3.tgz"
  integrity sha512-hjcS1mhfuyi4WW8IWtjP7brDrG2cuDZukyrYrSauoXGNgx0S7zceP07adYkJycEr56BOUTNPzbInooiN3fn1qw==

typewriter-effect@^2.21.0:
  version "2.21.0"
  resolved "https://registry.npmjs.org/typewriter-effect/-/typewriter-effect-2.21.0.tgz"
  integrity sha512-Y3VL1fuJpUBj0gS4OTXBLzy1gnYTYaBuVuuO99tGNyTkkub5CXi+b/hsV7Og9fp6HlhogOwWJwgq7iXI5sQlEg==
  dependencies:
    prop-types "^15.8.1"
    raf "^3.4.1"

undici-types@~6.19.2:
  version "6.19.8"
  resolved "https://registry.npmjs.org/undici-types/-/undici-types-6.19.8.tgz"
  integrity sha512-ve2KP6f/JnbPBFyobGHuerC9g1FYGn/F8n1LWTwNxCEzd6IfqTwUQcNXgEtmmQ6DlRrC1hrSrBnCZPokRrDHjw==

use-intl@^3.21.1:
  version "3.21.1"
  resolved "https://registry.npmjs.org/use-intl/-/use-intl-3.21.1.tgz"
  integrity sha512-52kYgcydYkG9SX0ZZGt7W6WD2Va01hwe15bDgkXuaTdSxrF9fDu6hHTV5DxIuSmSSf/FEcBo/nodpw3ZhY31Lw==
  dependencies:
    "@formatjs/fast-memoize" "^2.2.0"
    intl-messageformat "^10.5.14"

video-worker@^2.2.0:
  version "2.2.0"
  resolved "https://registry.npmjs.org/video-worker/-/video-worker-2.2.0.tgz"
  integrity sha512-bjdpCArfD/kvt3HBU2sJUEEFq+6HjIufKXL2NojWswInxalJwR5yh/cgaGismHS8PAe5hx+W0GfrFqlxJTfI/w==

wowjs@^1.1.3:
  version "1.1.3"
  resolved "https://registry.npmjs.org/wowjs/-/wowjs-1.1.3.tgz"
  integrity sha512-HQp1gi56wYmjOYYOMZ08TnDGpT+AO21RJVa0t1NJ3jU8l3dMyP+sY7TO/lilzVp4JFjW88bBY87RnpxdpSKofA==
  dependencies:
    animate.css latest
